
Microsoft Visual Studio Solution File, Format Version 12.00
# Visual Studio 15
VisualStudioVersion = 15.0.26730.12
MinimumVisualStudioVersion = 10.0.40219.1
Project("{8BC9CEB8-8B4A-11D0-8D11-00A0C91BC942}") = "ExtraTask1", "ExtraTask1.vcxproj", "{EA60D048-6294-46FE-8DF8-8B4D97183F32}"
EndProject
Global
	GlobalSection(SolutionConfigurationPlatforms) = preSolution
		Debug|x64 = Debug|x64
		Debug|x86 = Debug|x86
		Release|x64 = Release|x64
		Release|x86 = Release|x86
	EndGlobalSection
	GlobalSection(ProjectConfigurationPlatforms) = postSolution
		{EA60D048-6294-46FE-8DF8-8B4D97183F32}.Debug|x64.ActiveCfg = Debug|x64
		{EA60D048-6294-46FE-8DF8-8B4D97183F32}.Debug|x64.Build.0 = Debug|x64
		{EA60D048-6294-46FE-8DF8-8B4D97183F32}.Debug|x86.ActiveCfg = Debug|Win32
		{EA60D048-6294-46FE-8DF8-8B4D97183F32}.Debug|x86.Build.0 = Debug|Win32
		{EA60D048-6294-46FE-8DF8-8B4D97183F32}.Release|x64.ActiveCfg = Release|x64
		{EA60D048-6294-46FE-8DF8-8B4D97183F32}.Release|x64.Build.0 = Release|x64
		{EA60D048-6294-46FE-8DF8-8B4D97183F32}.Release|x86.ActiveCfg = Release|Win32
		{EA60D048-6294-46FE-8DF8-8B4D97183F32}.Release|x86.Build.0 = Release|Win32
	EndGlobalSection
	GlobalSection(SolutionProperties) = preSolution
		HideSolutionNode = FALSE
	EndGlobalSection
	GlobalSection(ExtensibilityGlobals) = postSolution
		SolutionGuid = {656460A8-3F6A-4458-ABFC-72FD6E0C4225}
	EndGlobalSection
EndGlobal
